
Microsoft Visual Studio Solution File, Format Version 12.00
# Visual Studio 14
VisualStudioVersion = 14.0.25420.1
MinimumVisualStudioVersion = 10.0.40219.1
Project("{FAE04EC0-301F-11D3-BF4B-00C04F79EFBC}") = "DataStructures_CS", "DataStructures\DataStructures_CS.csproj", "{D8CFBF89-EA8D-4457-ACF3-C61E9F941F28}"
EndProject
Project("{888888A0-9F3D-457C-B088-3A5042F75D52}") = "DataStructures_PY", "DataStructures_PY\DataStructures_PY.pyproj", "{28320DB4-E3C4-49CC-ACF7-471186980FFB}"
EndProject
Global
	GlobalSection(SolutionConfigurationPlatforms) = preSolution
		Debug|Any CPU = Debug|Any CPU
		Release|Any CPU = Release|Any CPU
	EndGlobalSection
	GlobalSection(ProjectConfigurationPlatforms) = postSolution
		{D8CFBF89-EA8D-4457-ACF3-C61E9F941F28}.Debug|Any CPU.ActiveCfg = Debug|Any CPU
		{D8CFBF89-EA8D-4457-ACF3-C61E9F941F28}.Debug|Any CPU.Build.0 = Debug|Any CPU
		{D8CFBF89-EA8D-4457-ACF3-C61E9F941F28}.Release|Any CPU.ActiveCfg = Release|Any CPU
		{D8CFBF89-EA8D-4457-ACF3-C61E9F941F28}.Release|Any CPU.Build.0 = Release|Any CPU
		{28320DB4-E3C4-49CC-ACF7-471186980FFB}.Debug|Any CPU.ActiveCfg = Debug|Any CPU
		{28320DB4-E3C4-49CC-ACF7-471186980FFB}.Release|Any CPU.ActiveCfg = Release|Any CPU
	EndGlobalSection
	GlobalSection(SolutionProperties) = preSolution
		HideSolutionNode = FALSE
	EndGlobalSection
EndGlobal
